// !$*UTF8*$!
{
	archiveVersion = 1;
	classes = {
	};
	objectVersion = 46;
	objects = {

/* Begin PBXBuildFile section */
		BD18C6FF1E5FD650001B5A8C /* resume.png in Resources */ = {isa = PBXBuildFile; fileRef = BD18C6FB1E5FD650001B5A8C /* resume.png */; };
		BD18C7001E5FD650001B5A8C /* pause.png in Resources */ = {isa = PBXBuildFile; fileRef = BD18C6FC1E5FD650001B5A8C /* pause.png */; };
		BD18C7011E5FD650001B5A8C /* reset.png in Resources */ = {isa = PBXBuildFile; fileRef = BD18C6FD1E5FD650001B5A8C /* reset.png */; };
		BD18C7021E5FD650001B5A8C /* start.png in Resources */ = {isa = PBXBuildFile; fileRef = BD18C6FE1E5FD650001B5A8C /* start.png */; };
		BD3C51181E5D3096000B8857 /* AppDelegate.swift in Sources */ = {isa = PBXBuildFile; fileRef = BD3C51171E5D3096000B8857 /* AppDelegate.swift */; };
		BD3C511A1E5D3096000B8857 /* ViewController.swift in Sources */ = {isa = PBXBuildFile; fileRef = BD3C51191E5D3096000B8857 /* ViewController.swift */; };
		BD3C511D1E5D3096000B8857 /* Main.storyboard in Resources */ = {isa = PBXBuildFile; fileRef = BD3C511B1E5D3096000B8857 /* Main.storyboard */; };
		BD3C511F1E5D3096000B8857 /* Assets.xcassets in Resources */ = {isa = PBXBuildFile; fileRef = BD3C511E1E5D3096000B8857 /* Assets.xcassets */; };
		BD3C512D1E5D3096000B8857 /* StopwatchTests.swift in Sources */ = {isa = PBXBuildFile; fileRef = BD3C512C1E5D3096000B8857 /* StopwatchTests.swift */; };
		BD3C51381E5D3096000B8857 /* StopwatchUITests.swift in Sources */ = {isa = PBXBuildFile; fileRef = BD3C51371E5D3096000B8857 /* StopwatchUITests.swift */; };
		BD3C51461E5D3162000B8857 /* Stopwatch.swift in Sources */ = {isa = PBXBuildFile; fileRef = BD3C51451E5D3162000B8857 /* Stopwatch.swift */; };
/* End PBXBuildFile section */

/* Begin PBXContainerItemProxy section */
		BD3C51291E5D3096000B8857 /* PBXContainerItemProxy */ = {
			isa = PBXContainerItemProxy;
			containerPortal = BD3C510C1E5D3095000B8857 /* Project object */;
			proxyType = 1;
			remoteGlobalIDString = BD3C51131E5D3095000B8857;
			remoteInfo = Stopwatch;
		};
		BD3C51341E5D3096000B8857 /* PBXContainerItemProxy */ = {
			isa = PBXContainerItemProxy;
			containerPortal = BD3C510C1E5D3095000B8857 /* Project object */;
			proxyType = 1;
			remoteGlobalIDString = BD3C51131E5D3095000B8857;
			remoteInfo = Stopwatch;
		};
/* End PBXContainerItemProxy section */

/* Begin PBXFileReference section */
		BD18C6FB1E5FD650001B5A8C /* resume.png */ = {isa = PBXFileReference; lastKnownFileType = image.png; name = resume.png; path = Assets.xcassets/resume.png; sourceTree = "<group>"; };
		BD18C6FC1E5FD650001B5A8C /* pause.png */ = {isa = PBXFileReference; lastKnownFileType = image.png; name = pause.png; path = Assets.xcassets/pause.png; sourceTree = "<group>"; };
		BD18C6FD1E5FD650001B5A8C /* reset.png */ = {isa = PBXFileReference; lastKnownFileType = image.png; name = reset.png; path = Assets.xcassets/reset.png; sourceTree = "<group>"; };
		BD18C6FE1E5FD650001B5A8C /* start.png */ = {isa = PBXFileReference; lastKnownFileType = image.png; name = start.png; path = Assets.xcassets/start.png; sourceTree = "<group>"; };
		BD3C51141E5D3096000B8857 /* Stopwatch.app */ = {isa = PBXFileReference; explicitFileType = wrapper.application; includeInIndex = 0; path = Stopwatch.app; sourceTree = BUILT_PRODUCTS_DIR; };
		BD3C51171E5D3096000B8857 /* AppDelegate.swift */ = {isa = PBXFileReference; lastKnownFileType = sourcecode.swift; path = AppDelegate.swift; sourceTree = "<group>"; };
		BD3C51191E5D3096000B8857 /* ViewController.swift */ = {isa = PBXFileReference; lastKnownFileType = sourcecode.swift; path = ViewController.swift; sourceTree = "<group>"; };
		BD3C511C1E5D3096000B8857 /* Base */ = {isa = PBXFileReference; lastKnownFileType = file.storyboard; name = Base; path = Base.lproj/Main.storyboard; sourceTree = "<group>"; };
		BD3C511E1E5D3096000B8857 /* Assets.xcassets */ = {isa = PBXFileReference; lastKnownFileType = folder.assetcatalog; path = Assets.xcassets; sourceTree = "<group>"; };
		BD3C51231E5D3096000B8857 /* Info.plist */ = {isa = PBXFileReference; lastKnownFileType = text.plist.xml; path = Info.plist; sourceTree = "<group>"; };
		BD3C51281E5D3096000B8857 /* StopwatchTests.xctest */ = {isa = PBXFileReference; explicitFileType = wrapper.cfbundle; includeInIndex = 0; path = StopwatchTests.xctest; sourceTree = BUILT_PRODUCTS_DIR; };
		BD3C512C1E5D3096000B8857 /* StopwatchTests.swift */ = {isa = PBXFileReference; lastKnownFileType = sourcecode.swift; path = StopwatchTests.swift; sourceTree = "<group>"; };
		BD3C512E1E5D3096000B8857 /* Info.plist */ = {isa = PBXFileReference; lastKnownFileType = text.plist.xml; path = Info.plist; sourceTree = "<group>"; };
		BD3C51331E5D3096000B8857 /* StopwatchUITests.xctest */ = {isa = PBXFileReference; explicitFileType = wrapper.cfbundle; includeInIndex = 0; path = StopwatchUITests.xctest; sourceTree = BUILT_PRODUCTS_DIR; };
		BD3C51371E5D3096000B8857 /* StopwatchUITests.swift */ = {isa = PBXFileReference; lastKnownFileType = sourcecode.swift; path = StopwatchUITests.swift; sourceTree = "<group>"; };
		BD3C51391E5D3096000B8857 /* Info.plist */ = {isa = PBXFileReference; lastKnownFileType = text.plist.xml; path = Info.plist; sourceTree = "<group>"; };
		BD3C51451E5D3162000B8857 /* Stopwatch.swift */ = {isa = PBXFileReference; fileEncoding = 4; lastKnownFileType = sourcecode.swift; path = Stopwatch.swift; sourceTree = "<group>"; };
/* End PBXFileReference section */

/* Begin PBXFrameworksBuildPhase section */
		BD3C51111E5D3095000B8857 /* Frameworks */ = {
			isa = PBXFrameworksBuildPhase;
			buildActionMask = 2147483647;
			files = (
			);
			runOnlyForDeploymentPostprocessing = 0;
		};
		BD3C51251E5D3096000B8857 /* Frameworks */ = {
			isa = PBXFrameworksBuildPhase;
			buildActionMask = 2147483647;
			files = (
			);
			runOnlyForDeploymentPostprocessing = 0;
		};
		BD3C51301E5D3096000B8857 /* Frameworks */ = {
			isa = PBXFrameworksBuildPhase;
			buildActionMask = 2147483647;
			files = (
			);
			runOnlyForDeploymentPostprocessing = 0;
		};
/* End PBXFrameworksBuildPhase section */

/* Begin PBXGroup section */
		BD3C510B1E5D3095000B8857 = {
			isa = PBXGroup;
			children = (
				BD3C51161E5D3096000B8857 /* Stopwatch */,
				BD3C512B1E5D3096000B8857 /* StopwatchTests */,
				BD3C51361E5D3096000B8857 /* StopwatchUITests */,
				BD3C51151E5D3096000B8857 /* Products */,
			);
			sourceTree = "<group>";
		};
		BD3C51151E5D3096000B8857 /* Products */ = {
			isa = PBXGroup;
			children = (
				BD3C51141E5D3096000B8857 /* Stopwatch.app */,
				BD3C51281E5D3096000B8857 /* StopwatchTests.xctest */,
				BD3C51331E5D3096000B8857 /* StopwatchUITests.xctest */,
			);
			name = Products;
			sourceTree = "<group>";
		};
		BD3C51161E5D3096000B8857 /* Stopwatch */ = {
			isa = PBXGroup;
			children = (
				BD3C51171E5D3096000B8857 /* AppDelegate.swift */,
				BD3C51451E5D3162000B8857 /* Stopwatch.swift */,
				BD3C51191E5D3096000B8857 /* ViewController.swift */,
				BD3C511B1E5D3096000B8857 /* Main.storyboard */,
				BD3C511E1E5D3096000B8857 /* Assets.xcassets */,
				BD18C6FB1E5FD650001B5A8C /* resume.png */,
				BD18C6FC1E5FD650001B5A8C /* pause.png */,
				BD18C6FD1E5FD650001B5A8C /* reset.png */,
				BD18C6FE1E5FD650001B5A8C /* start.png */,
				BD3C51231E5D3096000B8857 /* Info.plist */,
			);
			path = Stopwatch;
			sourceTree = "<group>";
		};
		BD3C512B1E5D3096000B8857 /* StopwatchTests */ = {
			isa = PBXGroup;
			children = (
				BD3C512C1E5D3096000B8857 /* StopwatchTests.swift */,
				BD3C512E1E5D3096000B8857 /* Info.plist */,
			);
			path = StopwatchTests;
			sourceTree = "<group>";
		};
		BD3C51361E5D3096000B8857 /* StopwatchUITests */ = {
			isa = PBXGroup;
			children = (
				BD3C51371E5D3096000B8857 /* StopwatchUITests.swift */,
				BD3C51391E5D3096000B8857 /* Info.plist */,
			);
			path = StopwatchUITests;
			sourceTree = "<group>";
		};
/* End PBXGroup section */

/* Begin PBXNativeTarget section */
		BD3C51131E5D3095000B8857 /* Stopwatch */ = {
			isa = PBXNativeTarget;
			buildConfigurationList = BD3C513C1E5D3096000B8857 /* Build configuration list for PBXNativeTarget "Stopwatch" */;
			buildPhases = (
				BD3C51101E5D3095000B8857 /* Sources */,
				BD3C51111E5D3095000B8857 /* Frameworks */,
				BD3C51121E5D3095000B8857 /* Resources */,
			);
			buildRules = (
			);
			dependencies = (
			);
			name = Stopwatch;
			productName = Stopwatch;
			productReference = BD3C51141E5D3096000B8857 /* Stopwatch.app */;
			productType = "com.apple.product-type.application";
		};
		BD3C51271E5D3096000B8857 /* StopwatchTests */ = {
			isa = PBXNativeTarget;
			buildConfigurationList = BD3C513F1E5D3096000B8857 /* Build configuration list for PBXNativeTarget "StopwatchTests" */;
			buildPhases = (
				BD3C51241E5D3096000B8857 /* Sources */,
				BD3C51251E5D3096000B8857 /* Frameworks */,
				BD3C51261E5D3096000B8857 /* Resources */,
			);
			buildRules = (
			);
			dependencies = (
				BD3C512A1E5D3096000B8857 /* PBXTargetDependency */,
			);
			name = StopwatchTests;
			productName = StopwatchTests;
			productReference = BD3C51281E5D3096000B8857 /* StopwatchTests.xctest */;
			productType = "com.apple.product-type.bundle.unit-test";
		};
		BD3C51321E5D3096000B8857 /* StopwatchUITests */ = {
			isa = PBXNativeTarget;
			buildConfigurationList = BD3C51421E5D3096000B8857 /* Build configuration list for PBXNativeTarget "StopwatchUITests" */;
			buildPhases = (
				BD3C512F1E5D3096000B8857 /* Sources */,
				BD3C51301E5D3096000B8857 /* Frameworks */,
				BD3C51311E5D3096000B8857 /* Resources */,
			);
			buildRules = (
			);
			dependencies = (
				BD3C51351E5D3096000B8857 /* PBXTargetDependency */,
			);
			name = StopwatchUITests;
			productName = StopwatchUITests;
			productReference = BD3C51331E5D3096000B8857 /* StopwatchUITests.xctest */;
			productType = "com.apple.product-type.bundle.ui-testing";
		};
/* End PBXNativeTarget section */

/* Begin PBXProject section */
		BD3C510C1E5D3095000B8857 /* Project object */ = {
			isa = PBXProject;
			attributes = {
				LastSwiftUpdateCheck = 0820;
				LastUpgradeCheck = 0820;
				ORGANIZATIONNAME = SCZDXFG;
				TargetAttributes = {
					BD3C51131E5D3095000B8857 = {
						CreatedOnToolsVersion = 8.2.1;
						DevelopmentTeam = VY94VZLE2N;
						ProvisioningStyle = Automatic;
					};
					BD3C51271E5D3096000B8857 = {
						CreatedOnToolsVersion = 8.2.1;
						DevelopmentTeam = VY94VZLE2N;
						ProvisioningStyle = Automatic;
						TestTargetID = BD3C51131E5D3095000B8857;
					};
					BD3C51321E5D3096000B8857 = {
						CreatedOnToolsVersion = 8.2.1;
						DevelopmentTeam = VY94VZLE2N;
						ProvisioningStyle = Automatic;
						TestTargetID = BD3C51131E5D3095000B8857;
					};
				};
			};
			buildConfigurationList = BD3C510F1E5D3095000B8857 /* Build configuration list for PBXProject "Stopwatch" */;
			compatibilityVersion = "Xcode 3.2";
			developmentRegion = English;
			hasScannedForEncodings = 0;
			knownRegions = (
				en,
				Base,
			);
			mainGroup = BD3C510B1E5D3095000B8857;
			productRefGroup = BD3C51151E5D3096000B8857 /* Products */;
			projectDirPath = "";
			projectRoot = "";
			targets = (
				BD3C51131E5D3095000B8857 /* Stopwatch */,
				BD3C51271E5D3096000B8857 /* StopwatchTests */,
				BD3C51321E5D3096000B8857 /* StopwatchUITests */,
			);
		};
/* End PBXProject section */

/* Begin PBXResourcesBuildPhase section */
		BD3C51121E5D3095000B8857 /* Resources */ = {
			isa = PBXResourcesBuildPhase;
			buildActionMask = 2147483647;
			files = (
				BD18C6FF1E5FD650001B5A8C /* resume.png in Resources */,
				BD18C7011E5FD650001B5A8C /* reset.png in Resources */,
				BD3C511F1E5D3096000B8857 /* Assets.xcassets in Resources */,
				BD18C7001E5FD650001B5A8C /* pause.png in Resources */,
				BD18C7021E5FD650001B5A8C /* start.png in Resources */,
				BD3C511D1E5D3096000B8857 /* Main.storyboard in Resources */,
			);
			runOnlyForDeploymentPostprocessing = 0;
		};
		BD3C51261E5D3096000B8857 /* Resources */ = {
			isa = PBXResourcesBuildPhase;
			buildActionMask = 2147483647;
			files = (
			);
			runOnlyForDeploymentPostprocessing = 0;
		};
		BD3C51311E5D3096000B8857 /* Resources */ = {
			isa = PBXResourcesBuildPhase;
			buildActionMask = 2147483647;
			files = (
			);
			runOnlyForDeploymentPostprocessing = 0;
		};
/* End PBXResourcesBuildPhase section */

/* Begin PBXSourcesBuildPhase section */
		BD3C51101E5D3095000B8857 /* Sources */ = {
			isa = PBXSourcesBuildPhase;
			buildActionMask = 2147483647;
			files = (
				BD3C511A1E5D3096000B8857 /* ViewController.swift in Sources */,
				BD3C51461E5D3162000B8857 /* Stopwatch.swift in Sources */,
				BD3C51181E5D3096000B8857 /* AppDelegate.swift in Sources */,
			);
			runOnlyForDeploymentPostprocessing = 0;
		};
		BD3C51241E5D3096000B8857 /* Sources */ = {
			isa = PBXSourcesBuildPhase;
			buildActionMask = 2147483647;
			files = (
				BD3C512D1E5D3096000B8857 /* StopwatchTests.swift in Sources */,
			);
			runOnlyForDeploymentPostprocessing = 0;
		};
		BD3C512F1E5D3096000B8857 /* Sources */ = {
			isa = PBXSourcesBuildPhase;
			buildActionMask = 2147483647;
			files = (
				BD3C51381E5D3096000B8857 /* StopwatchUITests.swift in Sources */,
			);
			runOnlyForDeploymentPostprocessing = 0;
		};
/* End PBXSourcesBuildPhase section */

/* Begin PBXTargetDependency section */
		BD3C512A1E5D3096000B8857 /* PBXTargetDependency */ = {
			isa = PBXTargetDependency;
			target = BD3C51131E5D3095000B8857 /* Stopwatch */;
			targetProxy = BD3C51291E5D3096000B8857 /* PBXContainerItemProxy */;
		};
		BD3C51351E5D3096000B8857 /* PBXTargetDependency */ = {
			isa = PBXTargetDependency;
			target = BD3C51131E5D3095000B8857 /* Stopwatch */;
			targetProxy = BD3C51341E5D3096000B8857 /* PBXContainerItemProxy */;
		};
/* End PBXTargetDependency section */

/* Begin PBXVariantGroup section */
		BD3C511B1E5D3096000B8857 /* Main.storyboard */ = {
			isa = PBXVariantGroup;
			children = (
				BD3C511C1E5D3096000B8857 /* Base */,
			);
			name = Main.storyboard;
			sourceTree = "<group>";
		};
/* End PBXVariantGroup section */

/* Begin XCBuildConfiguration section */
		BD3C513A1E5D3096000B8857 /* Debug */ = {
			isa = XCBuildConfiguration;
			buildSettings = {
				ALWAYS_SEARCH_USER_PATHS = NO;
				CLANG_ANALYZER_NONNULL = YES;
				CLANG_CXX_LANGUAGE_STANDARD = "gnu++0x";
				CLANG_CXX_LIBRARY = "libc++";
				CLANG_ENABLE_MODULES = YES;
				CLANG_ENABLE_OBJC_ARC = YES;
				CLANG_WARN_BOOL_CONVERSION = YES;
				CLANG_WARN_CONSTANT_CONVERSION = YES;
				CLANG_WARN_DIRECT_OBJC_ISA_USAGE = YES_ERROR;
				CLANG_WARN_DOCUMENTATION_COMMENTS = YES;
				CLANG_WARN_EMPTY_BODY = YES;
				CLANG_WARN_ENUM_CONVERSION = YES;
				CLANG_WARN_INFINITE_RECURSION = YES;
				CLANG_WARN_INT_CONVERSION = YES;
				CLANG_WARN_OBJC_ROOT_CLASS = YES_ERROR;
				CLANG_WARN_SUSPICIOUS_MOVE = YES;
				CLANG_WARN_UNREACHABLE_CODE = YES;
				CLANG_WARN__DUPLICATE_METHOD_MATCH = YES;
				"CODE_SIGN_IDENTITY[sdk=iphoneos*]" = "iPhone Developer";
				COPY_PHASE_STRIP = NO;
				DEBUG_INFORMATION_FORMAT = dwarf;
				ENABLE_STRICT_OBJC_MSGSEND = YES;
				ENABLE_TESTABILITY = YES;
				GCC_C_LANGUAGE_STANDARD = gnu99;
				GCC_DYNAMIC_NO_PIC = NO;
				GCC_NO_COMMON_BLOCKS = YES;
				GCC_OPTIMIZATION_LEVEL = 0;
				GCC_PREPROCESSOR_DEFINITIONS = (
					"DEBUG=1",
					"$(inherited)",
				);
				GCC_WARN_64_TO_32_BIT_CONVERSION = YES;
				GCC_WARN_ABOUT_RETURN_TYPE = YES_ERROR;
				GCC_WARN_UNDECLARED_SELECTOR = YES;
				GCC_WARN_UNINITIALIZED_AUTOS = YES_AGGRESSIVE;
				GCC_WARN_UNUSED_FUNCTION = YES;
				GCC_WARN_UNUSED_VARIABLE = YES;
				IPHONEOS_DEPLOYMENT_TARGET = 10.2;
				MTL_ENABLE_DEBUG_INFO = YES;
				ONLY_ACTIVE_ARCH = YES;
				SDKROOT = iphoneos;
				SWIFT_ACTIVE_COMPILATION_CONDITIONS = DEBUG;
				SWIFT_OPTIMIZATION_LEVEL = "-Onone";
				TARGETED_DEVICE_FAMILY = "1,2";
			};
			name = Debug;
		};
		BD3C513B1E5D3096000B8857 /* Release */ = {
			isa = XCBuildConfiguration;
			buildSettings = {
				ALWAYS_SEARCH_USER_PATHS = NO;
				CLANG_ANALYZER_NONNULL = YES;
				CLANG_CXX_LANGUAGE_STANDARD = "gnu++0x";
				CLANG_CXX_LIBRARY = "libc++";
				CLANG_ENABLE_MODULES = YES;
				CLANG_ENABLE_OBJC_ARC = YES;
				CLANG_WARN_BOOL_CONVERSION = YES;
				CLANG_WARN_CONSTANT_CONVERSION = YES;
				CLANG_WARN_DIRECT_OBJC_ISA_USAGE = YES_ERROR;
				CLANG_WARN_DOCUMENTATION_COMMENTS = YES;
				CLANG_WARN_EMPTY_BODY = YES;
				CLANG_WARN_ENUM_CONVERSION = YES;
				CLANG_WARN_INFINITE_RECURSION = YES;
				CLANG_WARN_INT_CONVERSION = YES;
				CLANG_WARN_OBJC_ROOT_CLASS = YES_ERROR;
				CLANG_WARN_SUSPICIOUS_MOVE = YES;
				CLANG_WARN_UNREACHABLE_CODE = YES;
				CLANG_WARN__DUPLICATE_METHOD_MATCH = YES;
				"CODE_SIGN_IDENTITY[sdk=iphoneos*]" = "iPhone Developer";
				COPY_PHASE_STRIP = NO;
				DEBUG_INFORMATION_FORMAT = "dwarf-with-dsym";
				ENABLE_NS_ASSERTIONS = NO;
				ENABLE_STRICT_OBJC_MSGSEND = YES;
				GCC_C_LANGUAGE_STANDARD = gnu99;
				GCC_NO_COMMON_BLOCKS = YES;
				GCC_WARN_64_TO_32_BIT_CONVERSION = YES;
				GCC_WARN_ABOUT_RETURN_TYPE = YES_ERROR;
				GCC_WARN_UNDECLARED_SELECTOR = YES;
				GCC_WARN_UNINITIALIZED_AUTOS = YES_AGGRESSIVE;
				GCC_WARN_UNUSED_FUNCTION = YES;
				GCC_WARN_UNUSED_VARIABLE = YES;
				IPHONEOS_DEPLOYMENT_TARGET = 10.2;
				MTL_ENABLE_DEBUG_INFO = NO;
				SDKROOT = iphoneos;
				SWIFT_OPTIMIZATION_LEVEL = "-Owholemodule";
				TARGETED_DEVICE_FAMILY = "1,2";
				VALIDATE_PRODUCT = YES;
			};
			name = Release;
		};
		BD3C513D1E5D3096000B8857 /* Debug */ = {
			isa = XCBuildConfiguration;
			buildSettings = {
				ASSETCATALOG_COMPILER_APPICON_NAME = AppIcon;
				DEVELOPMENT_TEAM = VY94VZLE2N;
				INFOPLIST_FILE = Stopwatch/Info.plist;
				LD_RUNPATH_SEARCH_PATHS = "$(inherited) @executable_path/Frameworks";
				PRODUCT_BUNDLE_IDENTIFIER = adsASDSXZF.Stopwatch;
				PRODUCT_NAME = "$(TARGET_NAME)";
				SWIFT_VERSION = 3.0;
			};
			name = Debug;
		};
		BD3C513E1E5D3096000B8857 /* Release */ = {
			isa = XCBuildConfiguration;
			buildSettings = {
				ASSETCATALOG_COMPILER_APPICON_NAME = AppIcon;
				DEVELOPMENT_TEAM = VY94VZLE2N;
				INFOPLIST_FILE = Stopwatch/Info.plist;
				LD_RUNPATH_SEARCH_PATHS = "$(inherited) @executable_path/Frameworks";
				PRODUCT_BUNDLE_IDENTIFIER = adsASDSXZF.Stopwatch;
				PRODUCT_NAME = "$(TARGET_NAME)";
				SWIFT_VERSION = 3.0;
			};
			name = Release;
		};
		BD3C51401E5D3096000B8857 /* Debug */ = {
			isa = XCBuildConfiguration;
			buildSettings = {
				ALWAYS_EMBED_SWIFT_STANDARD_LIBRARIES = YES;
				BUNDLE_LOADER = "$(TEST_HOST)";
				DEVELOPMENT_TEAM = VY94VZLE2N;
				INFOPLIST_FILE = StopwatchTests/Info.plist;
				LD_RUNPATH_SEARCH_PATHS = "$(inherited) @executable_path/Frameworks @loader_path/Frameworks";
				PRODUCT_BUNDLE_IDENTIFIER = adsASDSXZF.StopwatchTests;
				PRODUCT_NAME = "$(TARGET_NAME)";
				SWIFT_VERSION = 3.0;
				TEST_HOST = "$(BUILT_PRODUCTS_DIR)/Stopwatch.app/Stopwatch";
			};
			name = Debug;
		};
		BD3C51411E5D3096000B8857 /* Release */ = {
			isa = XCBuildConfiguration;
			buildSettings = {
				ALWAYS_EMBED_SWIFT_STANDARD_LIBRARIES = YES;
				BUNDLE_LOADER = "$(TEST_HOST)";
				DEVELOPMENT_TEAM = VY94VZLE2N;
				INFOPLIST_FILE = StopwatchTests/Info.plist;
				LD_RUNPATH_SEARCH_PATHS = "$(inherited) @executable_path/Frameworks @loader_path/Frameworks";
				PRODUCT_BUNDLE_IDENTIFIER = adsASDSXZF.StopwatchTests;
				PRODUCT_NAME = "$(TARGET_NAME)";
				SWIFT_VERSION = 3.0;
				TEST_HOST = "$(BUILT_PRODUCTS_DIR)/Stopwatch.app/Stopwatch";
			};
			name = Release;
		};
		BD3C51431E5D3096000B8857 /* Debug */ = {
			isa = XCBuildConfiguration;
			buildSettings = {
				ALWAYS_EMBED_SWIFT_STANDARD_LIBRARIES = YES;
				DEVELOPMENT_TEAM = VY94VZLE2N;
				INFOPLIST_FILE = StopwatchUITests/Info.plist;
				LD_RUNPATH_SEARCH_PATHS = "$(inherited) @executable_path/Frameworks @loader_path/Frameworks";
				PRODUCT_BUNDLE_IDENTIFIER = adsASDSXZF.StopwatchUITests;
				PRODUCT_NAME = "$(TARGET_NAME)";
				SWIFT_VERSION = 3.0;
				TEST_TARGET_NAME = Stopwatch;
			};
			name = Debug;
		};
		BD3C51441E5D3096000B8857 /* Release */ = {
			isa = XCBuildConfiguration;
			buildSettings = {
				ALWAYS_EMBED_SWIFT_STANDARD_LIBRARIES = YES;
				DEVELOPMENT_TEAM = VY94VZLE2N;
				INFOPLIST_FILE = StopwatchUITests/Info.plist;
				LD_RUNPATH_SEARCH_PATHS = "$(inherited) @executable_path/Frameworks @loader_path/Frameworks";
				PRODUCT_BUNDLE_IDENTIFIER = adsASDSXZF.StopwatchUITests;
				PRODUCT_NAME = "$(TARGET_NAME)";
				SWIFT_VERSION = 3.0;
				TEST_TARGET_NAME = Stopwatch;
			};
			name = Release;
		};
/* End XCBuildConfiguration section */

/* Begin XCConfigurationList section */
		BD3C510F1E5D3095000B8857 /* Build configuration list for PBXProject "Stopwatch" */ = {
			isa = XCConfigurationList;
			buildConfigurations = (
				BD3C513A1E5D3096000B8857 /* Debug */,
				BD3C513B1E5D3096000B8857 /* Release */,
			);
			defaultConfigurationIsVisible = 0;
			defaultConfigurationName = Release;
		};
		BD3C513C1E5D3096000B8857 /* Build configuration list for PBXNativeTarget "Stopwatch" */ = {
			isa = XCConfigurationList;
			buildConfigurations = (
				BD3C513D1E5D3096000B8857 /* Debug */,
				BD3C513E1E5D3096000B8857 /* Release */,
			);
			defaultConfigurationIsVisible = 0;
			defaultConfigurationName = Release;
		};
		BD3C513F1E5D3096000B8857 /* Build configuration list for PBXNativeTarget "StopwatchTests" */ = {
			isa = XCConfigurationList;
			buildConfigurations = (
				BD3C51401E5D3096000B8857 /* Debug */,
				BD3C51411E5D3096000B8857 /* Release */,
			);
			defaultConfigurationIsVisible = 0;
			defaultConfigurationName = Release;
		};
		BD3C51421E5D3096000B8857 /* Build configuration list for PBXNativeTarget "StopwatchUITests" */ = {
			isa = XCConfigurationList;
			buildConfigurations = (
				BD3C51431E5D3096000B8857 /* Debug */,
				BD3C51441E5D3096000B8857 /* Release */,
			);
			defaultConfigurationIsVisible = 0;
			defaultConfigurationName = Release;
		};
/* End XCConfigurationList section */
	};
	rootObject = BD3C510C1E5D3095000B8857 /* Project object */;
}
